
Microsoft Visual Studio Solution File, Format Version 12.00
# Visual Studio 14
VisualStudioVersion = 14.0.25420.1
MinimumVisualStudioVersion = 10.0.40219.1
Project("{FAE04EC0-301F-11D3-BF4B-00C04F79EFBC}") = "NewWidgets.macOS", "NewWidgets\NewWidgets.macOS.csproj", "{B9E44780-DC40-4C45-A457-035B20581E54}"
EndProject
Project("{FAE04EC0-301F-11D3-BF4B-00C04F79EFBC}") = "NewWidgets.MacSample", "NewWidgets.MacSample\NewWidgets.MacSample.csproj", "{A028A5D4-7B8D-4878-B129-A6C27BD0636D}"
EndProject
Global
	GlobalSection(SolutionConfigurationPlatforms) = preSolution
		Debug|x86 = Debug|x86
		Release|x86 = Release|x86
	EndGlobalSection
	GlobalSection(ProjectConfigurationPlatforms) = postSolution
		{B9E44780-DC40-4C45-A457-035B20581E54}.Debug|x86.ActiveCfg = Debug|Any CPU
		{B9E44780-DC40-4C45-A457-035B20581E54}.Debug|x86.Build.0 = Debug|Any CPU
		{B9E44780-DC40-4C45-A457-035B20581E54}.Release|x86.ActiveCfg = Release|Any CPU
		{B9E44780-DC40-4C45-A457-035B20581E54}.Release|x86.Build.0 = Release|Any CPU
		{A028A5D4-7B8D-4878-B129-A6C27BD0636D}.Debug|x86.ActiveCfg = Debug|Any CPU
		{A028A5D4-7B8D-4878-B129-A6C27BD0636D}.Debug|x86.Build.0 = Debug|Any CPU
		{A028A5D4-7B8D-4878-B129-A6C27BD0636D}.Release|x86.ActiveCfg = Release|Any CPU
		{A028A5D4-7B8D-4878-B129-A6C27BD0636D}.Release|x86.Build.0 = Release|Any CPU
	EndGlobalSection
	GlobalSection(SolutionProperties) = preSolution
		HideSolutionNode = FALSE
	EndGlobalSection
EndGlobal
