
Microsoft Visual Studio Solution File, Format Version 12.00
# Visual Studio 14
VisualStudioVersion = 14.0.25420.1
MinimumVisualStudioVersion = 10.0.40219.1
Project("{FAE04EC0-301F-11D3-BF4B-00C04F79EFBC}") = "StyleTree.NUnit", "StyleTree\StyleTree.NUnit.csproj", "{4FA7116C-0732-4EE0-9C3C-1863D5F8F900}"
EndProject
Project("{2150E333-8FDC-42A3-9474-1A3956D46DE8}") = "Solution Items", "Solution Items", "{C3BD1CA1-01A7-47CC-8F71-52DB25CB72F5}"
	ProjectSection(SolutionItems) = preProject
		.editorconfig = .editorconfig
	EndProjectSection
EndProject
Project("{FAE04EC0-301F-11D3-BF4B-00C04F79EFBC}") = "RunMobile", "..\RunMobile\RunMobile\RunMobile.csproj", "{B6B7376F-CF08-42A1-A970-69B63EF21F75}"
EndProject
Project("{FAE04EC0-301F-11D3-BF4B-00C04F79EFBC}") = "RunMobile.Utility", "..\RunMobile\RunMobile.Utility\RunMobile.Utility.csproj", "{029EA736-BCAA-40B3-B44B-52936740C349}"
EndProject
Project("{FAE04EC0-301F-11D3-BF4B-00C04F79EFBC}") = "NewWidgets.RunMobile", "NewWidgets\NewWidgets.RunMobile.csproj", "{B9E44890-DC40-4C45-A457-035B20581E54}"
EndProject
Project("{FAE04EC0-301F-11D3-BF4B-00C04F79EFBC}") = "RunMobile.OpenTK", "..\RunMobile\RunMobile.OpenTK\RunMobile.OpenTK.csproj", "{D29EA736-BCAA-40B3-B44B-52936740C349}"
EndProject
Project("{FAE04EC0-301F-11D3-BF4B-00C04F79EFBC}") = "NewWidgets.RunMobileSample", "NewWidgets.RunMobileSample\NewWidgets.RunMobileSample.csproj", "{9F600BDD-C381-43E4-8C5E-9EF300A44587}"
EndProject
Global
	GlobalSection(SolutionConfigurationPlatforms) = preSolution
		Debug|x86 = Debug|x86
		Release|x86 = Release|x86
		Debug.Numerics|Any CPU = Debug.Numerics|Any CPU
		Release.Numerics|Any CPU = Release.Numerics|Any CPU
		Release.Modern|Any CPU = Release.Modern|Any CPU
		Debug.Modern|Any CPU = Debug.Modern|Any CPU
		Debug.OpenGLES|Any CPU = Debug.OpenGLES|Any CPU
		Release.OpenGLES|Any CPU = Release.OpenGLES|Any CPU
	EndGlobalSection
	GlobalSection(ProjectConfigurationPlatforms) = postSolution
		{4FA7116C-0732-4EE0-9C3C-1863D5F8F900}.Debug|x86.ActiveCfg = Debug|Any CPU
		{4FA7116C-0732-4EE0-9C3C-1863D5F8F900}.Debug|x86.Build.0 = Debug|Any CPU
		{4FA7116C-0732-4EE0-9C3C-1863D5F8F900}.Release|x86.ActiveCfg = Release|Any CPU
		{4FA7116C-0732-4EE0-9C3C-1863D5F8F900}.Release|x86.Build.0 = Release|Any CPU
		{4FA7116C-0732-4EE0-9C3C-1863D5F8F900}.Debug.Numerics|Any CPU.ActiveCfg = Debug|Any CPU
		{4FA7116C-0732-4EE0-9C3C-1863D5F8F900}.Debug.Numerics|Any CPU.Build.0 = Debug|Any CPU
		{4FA7116C-0732-4EE0-9C3C-1863D5F8F900}.Release.Numerics|Any CPU.ActiveCfg = Debug|Any CPU
		{4FA7116C-0732-4EE0-9C3C-1863D5F8F900}.Release.Numerics|Any CPU.Build.0 = Debug|Any CPU
		{4FA7116C-0732-4EE0-9C3C-1863D5F8F900}.Release.Modern|Any CPU.ActiveCfg = Release|Any CPU
		{4FA7116C-0732-4EE0-9C3C-1863D5F8F900}.Release.Modern|Any CPU.Build.0 = Release|Any CPU
		{4FA7116C-0732-4EE0-9C3C-1863D5F8F900}.Debug.Modern|Any CPU.ActiveCfg = Debug|Any CPU
		{4FA7116C-0732-4EE0-9C3C-1863D5F8F900}.Debug.Modern|Any CPU.Build.0 = Debug|Any CPU
		{4FA7116C-0732-4EE0-9C3C-1863D5F8F900}.Debug.OpenGLES|Any CPU.ActiveCfg = Debug|Any CPU
		{4FA7116C-0732-4EE0-9C3C-1863D5F8F900}.Debug.OpenGLES|Any CPU.Build.0 = Debug|Any CPU
		{4FA7116C-0732-4EE0-9C3C-1863D5F8F900}.Release.OpenGLES|Any CPU.ActiveCfg = Debug|Any CPU
		{4FA7116C-0732-4EE0-9C3C-1863D5F8F900}.Release.OpenGLES|Any CPU.Build.0 = Debug|Any CPU
		{B6B7376F-CF08-42A1-A970-69B63EF21F75}.Debug|x86.ActiveCfg = Debug|Any CPU
		{B6B7376F-CF08-42A1-A970-69B63EF21F75}.Debug|x86.Build.0 = Debug|Any CPU
		{B6B7376F-CF08-42A1-A970-69B63EF21F75}.Release|x86.ActiveCfg = Release|Any CPU
		{B6B7376F-CF08-42A1-A970-69B63EF21F75}.Release|x86.Build.0 = Release|Any CPU
		{B6B7376F-CF08-42A1-A970-69B63EF21F75}.Debug.Numerics|Any CPU.ActiveCfg = Debug.Numerics|Any CPU
		{B6B7376F-CF08-42A1-A970-69B63EF21F75}.Debug.Numerics|Any CPU.Build.0 = Debug.Numerics|Any CPU
		{B6B7376F-CF08-42A1-A970-69B63EF21F75}.Release.Numerics|Any CPU.ActiveCfg = Release.Numerics|Any CPU
		{B6B7376F-CF08-42A1-A970-69B63EF21F75}.Release.Numerics|Any CPU.Build.0 = Release.Numerics|Any CPU
		{B6B7376F-CF08-42A1-A970-69B63EF21F75}.Release.Modern|Any CPU.ActiveCfg = Release.Modern|Any CPU
		{B6B7376F-CF08-42A1-A970-69B63EF21F75}.Release.Modern|Any CPU.Build.0 = Release.Modern|Any CPU
		{B6B7376F-CF08-42A1-A970-69B63EF21F75}.Debug.Modern|Any CPU.ActiveCfg = Debug|Any CPU
		{B6B7376F-CF08-42A1-A970-69B63EF21F75}.Debug.Modern|Any CPU.Build.0 = Debug|Any CPU
		{B6B7376F-CF08-42A1-A970-69B63EF21F75}.Debug.OpenGLES|Any CPU.ActiveCfg = Debug|Any CPU
		{B6B7376F-CF08-42A1-A970-69B63EF21F75}.Debug.OpenGLES|Any CPU.Build.0 = Debug|Any CPU
		{B6B7376F-CF08-42A1-A970-69B63EF21F75}.Release.OpenGLES|Any CPU.ActiveCfg = Debug|Any CPU
		{B6B7376F-CF08-42A1-A970-69B63EF21F75}.Release.OpenGLES|Any CPU.Build.0 = Debug|Any CPU
		{029EA736-BCAA-40B3-B44B-52936740C349}.Debug|x86.ActiveCfg = Debug|Any CPU
		{029EA736-BCAA-40B3-B44B-52936740C349}.Debug|x86.Build.0 = Debug|Any CPU
		{029EA736-BCAA-40B3-B44B-52936740C349}.Release|x86.ActiveCfg = Release|Any CPU
		{029EA736-BCAA-40B3-B44B-52936740C349}.Release|x86.Build.0 = Release|Any CPU
		{029EA736-BCAA-40B3-B44B-52936740C349}.Debug.Numerics|Any CPU.ActiveCfg = Debug.Numerics|Any CPU
		{029EA736-BCAA-40B3-B44B-52936740C349}.Debug.Numerics|Any CPU.Build.0 = Debug.Numerics|Any CPU
		{029EA736-BCAA-40B3-B44B-52936740C349}.Release.Numerics|Any CPU.ActiveCfg = Release.Numerics|Any CPU
		{029EA736-BCAA-40B3-B44B-52936740C349}.Release.Numerics|Any CPU.Build.0 = Release.Numerics|Any CPU
		{029EA736-BCAA-40B3-B44B-52936740C349}.Release.Modern|Any CPU.ActiveCfg = Release.Modern|Any CPU
		{029EA736-BCAA-40B3-B44B-52936740C349}.Release.Modern|Any CPU.Build.0 = Release.Modern|Any CPU
		{029EA736-BCAA-40B3-B44B-52936740C349}.Debug.Modern|Any CPU.ActiveCfg = Debug.Modern|Any CPU
		{029EA736-BCAA-40B3-B44B-52936740C349}.Debug.Modern|Any CPU.Build.0 = Debug.Modern|Any CPU
		{029EA736-BCAA-40B3-B44B-52936740C349}.Debug.OpenGLES|Any CPU.ActiveCfg = Debug|Any CPU
		{029EA736-BCAA-40B3-B44B-52936740C349}.Debug.OpenGLES|Any CPU.Build.0 = Debug|Any CPU
		{029EA736-BCAA-40B3-B44B-52936740C349}.Release.OpenGLES|Any CPU.ActiveCfg = Debug|Any CPU
		{029EA736-BCAA-40B3-B44B-52936740C349}.Release.OpenGLES|Any CPU.Build.0 = Debug|Any CPU
		{B9E44890-DC40-4C45-A457-035B20581E54}.Debug|x86.ActiveCfg = Debug|Any CPU
		{B9E44890-DC40-4C45-A457-035B20581E54}.Debug|x86.Build.0 = Debug|Any CPU
		{B9E44890-DC40-4C45-A457-035B20581E54}.Release|x86.ActiveCfg = Release|Any CPU
		{B9E44890-DC40-4C45-A457-035B20581E54}.Release|x86.Build.0 = Release|Any CPU
		{B9E44890-DC40-4C45-A457-035B20581E54}.Debug.Numerics|Any CPU.ActiveCfg = Debug.Numerics|Any CPU
		{B9E44890-DC40-4C45-A457-035B20581E54}.Debug.Numerics|Any CPU.Build.0 = Debug.Numerics|Any CPU
		{B9E44890-DC40-4C45-A457-035B20581E54}.Release.Numerics|Any CPU.ActiveCfg = Release.Numerics|Any CPU
		{B9E44890-DC40-4C45-A457-035B20581E54}.Release.Numerics|Any CPU.Build.0 = Release.Numerics|Any CPU
		{B9E44890-DC40-4C45-A457-035B20581E54}.Release.Modern|Any CPU.ActiveCfg = Release.Modern|Any CPU
		{B9E44890-DC40-4C45-A457-035B20581E54}.Release.Modern|Any CPU.Build.0 = Release.Modern|Any CPU
		{B9E44890-DC40-4C45-A457-035B20581E54}.Debug.Modern|Any CPU.ActiveCfg = Debug|Any CPU
		{B9E44890-DC40-4C45-A457-035B20581E54}.Debug.Modern|Any CPU.Build.0 = Debug|Any CPU
		{B9E44890-DC40-4C45-A457-035B20581E54}.Debug.OpenGLES|Any CPU.ActiveCfg = Debug|Any CPU
		{B9E44890-DC40-4C45-A457-035B20581E54}.Debug.OpenGLES|Any CPU.Build.0 = Debug|Any CPU
		{B9E44890-DC40-4C45-A457-035B20581E54}.Release.OpenGLES|Any CPU.ActiveCfg = Debug|Any CPU
		{B9E44890-DC40-4C45-A457-035B20581E54}.Release.OpenGLES|Any CPU.Build.0 = Debug|Any CPU
		{D29EA736-BCAA-40B3-B44B-52936740C349}.Debug|x86.ActiveCfg = Debug|Any CPU
		{D29EA736-BCAA-40B3-B44B-52936740C349}.Debug|x86.Build.0 = Debug|Any CPU
		{D29EA736-BCAA-40B3-B44B-52936740C349}.Release|x86.ActiveCfg = Release|Any CPU
		{D29EA736-BCAA-40B3-B44B-52936740C349}.Release|x86.Build.0 = Release|Any CPU
		{D29EA736-BCAA-40B3-B44B-52936740C349}.Debug.Numerics|Any CPU.ActiveCfg = Debug.Numerics|Any CPU
		{D29EA736-BCAA-40B3-B44B-52936740C349}.Debug.Numerics|Any CPU.Build.0 = Debug.Numerics|Any CPU
		{D29EA736-BCAA-40B3-B44B-52936740C349}.Release.Numerics|Any CPU.ActiveCfg = Release.Numerics|Any CPU
		{D29EA736-BCAA-40B3-B44B-52936740C349}.Release.Numerics|Any CPU.Build.0 = Release.Numerics|Any CPU
		{D29EA736-BCAA-40B3-B44B-52936740C349}.Release.Modern|Any CPU.ActiveCfg = Release.Modern|Any CPU
		{D29EA736-BCAA-40B3-B44B-52936740C349}.Release.Modern|Any CPU.Build.0 = Release.Modern|Any CPU
		{D29EA736-BCAA-40B3-B44B-52936740C349}.Debug.Modern|Any CPU.ActiveCfg = Debug.Modern|Any CPU
		{D29EA736-BCAA-40B3-B44B-52936740C349}.Debug.Modern|Any CPU.Build.0 = Debug.Modern|Any CPU
		{D29EA736-BCAA-40B3-B44B-52936740C349}.Debug.OpenGLES|Any CPU.ActiveCfg = Debug.OpenGLES|Any CPU
		{D29EA736-BCAA-40B3-B44B-52936740C349}.Debug.OpenGLES|Any CPU.Build.0 = Debug.OpenGLES|Any CPU
		{D29EA736-BCAA-40B3-B44B-52936740C349}.Release.OpenGLES|Any CPU.ActiveCfg = Release.OpenGLES|Any CPU
		{D29EA736-BCAA-40B3-B44B-52936740C349}.Release.OpenGLES|Any CPU.Build.0 = Release.OpenGLES|Any CPU
		{9F600BDD-C381-43E4-8C5E-9EF300A44587}.Debug|x86.ActiveCfg = Debug|x86
		{9F600BDD-C381-43E4-8C5E-9EF300A44587}.Debug|x86.Build.0 = Debug|x86
		{9F600BDD-C381-43E4-8C5E-9EF300A44587}.Release|x86.ActiveCfg = Release|x86
		{9F600BDD-C381-43E4-8C5E-9EF300A44587}.Release|x86.Build.0 = Release|x86
		{9F600BDD-C381-43E4-8C5E-9EF300A44587}.Debug.Numerics|Any CPU.ActiveCfg = Debug|x86
		{9F600BDD-C381-43E4-8C5E-9EF300A44587}.Debug.Numerics|Any CPU.Build.0 = Debug|x86
		{9F600BDD-C381-43E4-8C5E-9EF300A44587}.Release.Numerics|Any CPU.ActiveCfg = Debug|x86
		{9F600BDD-C381-43E4-8C5E-9EF300A44587}.Release.Numerics|Any CPU.Build.0 = Debug|x86
		{9F600BDD-C381-43E4-8C5E-9EF300A44587}.Release.Modern|Any CPU.ActiveCfg = Release|x86
		{9F600BDD-C381-43E4-8C5E-9EF300A44587}.Release.Modern|Any CPU.Build.0 = Release|x86
		{9F600BDD-C381-43E4-8C5E-9EF300A44587}.Debug.Modern|Any CPU.ActiveCfg = Debug|x86
		{9F600BDD-C381-43E4-8C5E-9EF300A44587}.Debug.Modern|Any CPU.Build.0 = Debug|x86
		{9F600BDD-C381-43E4-8C5E-9EF300A44587}.Debug.OpenGLES|Any CPU.ActiveCfg = Debug|x86
		{9F600BDD-C381-43E4-8C5E-9EF300A44587}.Debug.OpenGLES|Any CPU.Build.0 = Debug|x86
		{9F600BDD-C381-43E4-8C5E-9EF300A44587}.Release.OpenGLES|Any CPU.ActiveCfg = Debug|x86
		{9F600BDD-C381-43E4-8C5E-9EF300A44587}.Release.OpenGLES|Any CPU.Build.0 = Debug|x86
	EndGlobalSection
	GlobalSection(SolutionProperties) = preSolution
		HideSolutionNode = FALSE
	EndGlobalSection
EndGlobal
